// !$*UTF8*$!
{
	archiveVersion = 1;
	classes = {
	};
	objectVersion = 50;
	objects = {

/* Begin PBXBuildFile section */
		465EED8F2149665700E7FF73 /* AppDelegate.swift in Sources */ = {isa = PBXBuildFile; fileRef = 465EED8E2149665700E7FF73 /* AppDelegate.swift */; };
		465EED942149665700E7FF73 /* Main.storyboard in Resources */ = {isa = PBXBuildFile; fileRef = 465EED922149665700E7FF73 /* Main.storyboard */; };
		465EED962149665800E7FF73 /* Assets.xcassets in Resources */ = {isa = PBXBuildFile; fileRef = 465EED952149665800E7FF73 /* Assets.xcassets */; };
		465EED992149665800E7FF73 /* LaunchScreen.storyboard in Resources */ = {isa = PBXBuildFile; fileRef = 465EED972149665800E7FF73 /* LaunchScreen.storyboard */; };
		465EEDA12149691A00E7FF73 /* Device.swift in Sources */ = {isa = PBXBuildFile; fileRef = 465EEDA02149691A00E7FF73 /* Device.swift */; };
		465EEDA321496B8E00E7FF73 /* DeviceController.swift in Sources */ = {isa = PBXBuildFile; fileRef = 465EEDA221496B8E00E7FF73 /* DeviceController.swift */; };
		465EEDA521496D1500E7FF73 /* HTTPMethod.swift in Sources */ = {isa = PBXBuildFile; fileRef = 465EEDA421496D1500E7FF73 /* HTTPMethod.swift */; };
		465EEDA721499F1500E7FF73 /* DeviceTableViewController.swift in Sources */ = {isa = PBXBuildFile; fileRef = 465EEDA621499F1500E7FF73 /* DeviceTableViewController.swift */; };
		465EEDA921499F2600E7FF73 /* DeviceDetailViewController.swift in Sources */ = {isa = PBXBuildFile; fileRef = 465EEDA821499F2600E7FF73 /* DeviceDetailViewController.swift */; };
/* End PBXBuildFile section */

/* Begin PBXFileReference section */
		465EED8B2149665700E7FF73 /* DeviceManager.app */ = {isa = PBXFileReference; explicitFileType = wrapper.application; includeInIndex = 0; path = DeviceManager.app; sourceTree = BUILT_PRODUCTS_DIR; };
		465EED8E2149665700E7FF73 /* AppDelegate.swift */ = {isa = PBXFileReference; lastKnownFileType = sourcecode.swift; path = AppDelegate.swift; sourceTree = "<group>"; };
		465EED932149665700E7FF73 /* Base */ = {isa = PBXFileReference; lastKnownFileType = file.storyboard; name = Base; path = Base.lproj/Main.storyboard; sourceTree = "<group>"; };
		465EED952149665800E7FF73 /* Assets.xcassets */ = {isa = PBXFileReference; lastKnownFileType = folder.assetcatalog; path = Assets.xcassets; sourceTree = "<group>"; };
		465EED982149665800E7FF73 /* Base */ = {isa = PBXFileReference; lastKnownFileType = file.storyboard; name = Base; path = Base.lproj/LaunchScreen.storyboard; sourceTree = "<group>"; };
		465EED9A2149665800E7FF73 /* Info.plist */ = {isa = PBXFileReference; lastKnownFileType = text.plist.xml; path = Info.plist; sourceTree = "<group>"; };
		465EEDA02149691A00E7FF73 /* Device.swift */ = {isa = PBXFileReference; lastKnownFileType = sourcecode.swift; path = Device.swift; sourceTree = "<group>"; };
		465EEDA221496B8E00E7FF73 /* DeviceController.swift */ = {isa = PBXFileReference; lastKnownFileType = sourcecode.swift; path = DeviceController.swift; sourceTree = "<group>"; };
		465EEDA421496D1500E7FF73 /* HTTPMethod.swift */ = {isa = PBXFileReference; lastKnownFileType = sourcecode.swift; path = HTTPMethod.swift; sourceTree = "<group>"; };
		465EEDA621499F1500E7FF73 /* DeviceTableViewController.swift */ = {isa = PBXFileReference; lastKnownFileType = sourcecode.swift; path = DeviceTableViewController.swift; sourceTree = "<group>"; };
		465EEDA821499F2600E7FF73 /* DeviceDetailViewController.swift */ = {isa = PBXFileReference; lastKnownFileType = sourcecode.swift; path = DeviceDetailViewController.swift; sourceTree = "<group>"; };
/* End PBXFileReference section */

/* Begin PBXFrameworksBuildPhase section */
		465EED882149665700E7FF73 /* Frameworks */ = {
			isa = PBXFrameworksBuildPhase;
			buildActionMask = 2147483647;
			files = (
			);
			runOnlyForDeploymentPostprocessing = 0;
		};
/* End PBXFrameworksBuildPhase section */

/* Begin PBXGroup section */
		465EED822149665700E7FF73 = {
			isa = PBXGroup;
			children = (
				465EED8D2149665700E7FF73 /* DeviceManager */,
				465EED8C2149665700E7FF73 /* Products */,
			);
			sourceTree = "<group>";
		};
		465EED8C2149665700E7FF73 /* Products */ = {
			isa = PBXGroup;
			children = (
				465EED8B2149665700E7FF73 /* DeviceManager.app */,
			);
			name = Products;
			sourceTree = "<group>";
		};
		465EED8D2149665700E7FF73 /* DeviceManager */ = {
			isa = PBXGroup;
			children = (
				46E3AB082151BACB00E7FF73 /* Models */,
				46E3AB092151BAD100E7FF73 /* Model Controllers */,
				46E3AB072151BAC300E7FF73 /* View Controllers */,
				46E3AB0B2151BAE400E7FF73 /* Storyboards */,
				46E3AB0A2151BAD700E7FF73 /* Utilities */,
				46E3AB0C2151BAF500E7FF73 /* Resources */,
			);
			path = DeviceManager;
			sourceTree = "<group>";
		};
		46E3AB072151BAC300E7FF73 /* View Controllers */ = {
			isa = PBXGroup;
			children = (
				465EEDA621499F1500E7FF73 /* DeviceTableViewController.swift */,
				465EEDA821499F2600E7FF73 /* DeviceDetailViewController.swift */,
			);
			path = "View Controllers";
			sourceTree = "<group>";
		};
		46E3AB082151BACB00E7FF73 /* Models */ = {
			isa = PBXGroup;
			children = (
				465EEDA02149691A00E7FF73 /* Device.swift */,
			);
			path = Models;
			sourceTree = "<group>";
		};
		46E3AB092151BAD100E7FF73 /* Model Controllers */ = {
			isa = PBXGroup;
			children = (
				465EEDA221496B8E00E7FF73 /* DeviceController.swift */,
			);
			path = "Model Controllers";
			sourceTree = "<group>";
		};
		46E3AB0A2151BAD700E7FF73 /* Utilities */ = {
			isa = PBXGroup;
			children = (
				465EEDA421496D1500E7FF73 /* HTTPMethod.swift */,
			);
			path = Utilities;
			sourceTree = "<group>";
		};
		46E3AB0B2151BAE400E7FF73 /* Storyboards */ = {
			isa = PBXGroup;
			children = (
				465EED922149665700E7FF73 /* Main.storyboard */,
				465EED972149665800E7FF73 /* LaunchScreen.storyboard */,
			);
			path = Storyboards;
			sourceTree = "<group>";
		};
		46E3AB0C2151BAF500E7FF73 /* Resources */ = {
			isa = PBXGroup;
			children = (
				465EED8E2149665700E7FF73 /* AppDelegate.swift */,
				465EED952149665800E7FF73 /* Assets.xcassets */,
				465EED9A2149665800E7FF73 /* Info.plist */,
			);
			path = Resources;
			sourceTree = "<group>";
		};
/* End PBXGroup section */

/* Begin PBXNativeTarget section */
		465EED8A2149665700E7FF73 /* DeviceManager */ = {
			isa = PBXNativeTarget;
			buildConfigurationList = 465EED9D2149665800E7FF73 /* Build configuration list for PBXNativeTarget "DeviceManager" */;
			buildPhases = (
				465EED872149665700E7FF73 /* Sources */,
				465EED882149665700E7FF73 /* Frameworks */,
				465EED892149665700E7FF73 /* Resources */,
			);
			buildRules = (
			);
			dependencies = (
			);
			name = DeviceManager;
			productName = DeviceManager;
			productReference = 465EED8B2149665700E7FF73 /* DeviceManager.app */;
			productType = "com.apple.product-type.application";
		};
/* End PBXNativeTarget section */

/* Begin PBXProject section */
		465EED832149665700E7FF73 /* Project object */ = {
			isa = PBXProject;
			attributes = {
				LastSwiftUpdateCheck = 0940;
				LastUpgradeCheck = 0940;
				ORGANIZATIONNAME = "Lambda School";
				TargetAttributes = {
					465EED8A2149665700E7FF73 = {
						CreatedOnToolsVersion = 9.4.1;
					};
				};
			};
			buildConfigurationList = 465EED862149665700E7FF73 /* Build configuration list for PBXProject "DeviceManager" */;
			compatibilityVersion = "Xcode 9.3";
			developmentRegion = en;
			hasScannedForEncodings = 0;
			knownRegions = (
				en,
				Base,
			);
			mainGroup = 465EED822149665700E7FF73;
			productRefGroup = 465EED8C2149665700E7FF73 /* Products */;
			projectDirPath = "";
			projectRoot = "";
			targets = (
				465EED8A2149665700E7FF73 /* DeviceManager */,
			);
		};
/* End PBXProject section */

/* Begin PBXResourcesBuildPhase section */
		465EED892149665700E7FF73 /* Resources */ = {
			isa = PBXResourcesBuildPhase;
			buildActionMask = 2147483647;
			files = (
				465EED992149665800E7FF73 /* LaunchScreen.storyboard in Resources */,
				465EED962149665800E7FF73 /* Assets.xcassets in Resources */,
				465EED942149665700E7FF73 /* Main.storyboard in Resources */,
			);
			runOnlyForDeploymentPostprocessing = 0;
		};
/* End PBXResourcesBuildPhase section */

/* Begin PBXSourcesBuildPhase section */
		465EED872149665700E7FF73 /* Sources */ = {
			isa = PBXSourcesBuildPhase;
			buildActionMask = 2147483647;
			files = (
				465EEDA12149691A00E7FF73 /* Device.swift in Sources */,
				465EEDA921499F2600E7FF73 /* DeviceDetailViewController.swift in Sources */,
				465EEDA721499F1500E7FF73 /* DeviceTableViewController.swift in Sources */,
				465EEDA321496B8E00E7FF73 /* DeviceController.swift in Sources */,
				465EEDA521496D1500E7FF73 /* HTTPMethod.swift in Sources */,
				465EED8F2149665700E7FF73 /* AppDelegate.swift in Sources */,
			);
			runOnlyForDeploymentPostprocessing = 0;
		};
/* End PBXSourcesBuildPhase section */

/* Begin PBXVariantGroup section */
		465EED922149665700E7FF73 /* Main.storyboard */ = {
			isa = PBXVariantGroup;
			children = (
				465EED932149665700E7FF73 /* Base */,
			);
			name = Main.storyboard;
			sourceTree = "<group>";
		};
		465EED972149665800E7FF73 /* LaunchScreen.storyboard */ = {
			isa = PBXVariantGroup;
			children = (
				465EED982149665800E7FF73 /* Base */,
			);
			name = LaunchScreen.storyboard;
			sourceTree = "<group>";
		};
/* End PBXVariantGroup section */

/* Begin XCBuildConfiguration section */
		465EED9B2149665800E7FF73 /* Debug */ = {
			isa = XCBuildConfiguration;
			buildSettings = {
				ALWAYS_SEARCH_USER_PATHS = NO;
				CLANG_ANALYZER_NONNULL = YES;
				CLANG_ANALYZER_NUMBER_OBJECT_CONVERSION = YES_AGGRESSIVE;
				CLANG_CXX_LANGUAGE_STANDARD = "gnu++14";
				CLANG_CXX_LIBRARY = "libc++";
				CLANG_ENABLE_MODULES = YES;
				CLANG_ENABLE_OBJC_ARC = YES;
				CLANG_ENABLE_OBJC_WEAK = YES;
				CLANG_WARN_BLOCK_CAPTURE_AUTORELEASING = YES;
				CLANG_WARN_BOOL_CONVERSION = YES;
				CLANG_WARN_COMMA = YES;
				CLANG_WARN_CONSTANT_CONVERSION = YES;
				CLANG_WARN_DEPRECATED_OBJC_IMPLEMENTATIONS = YES;
				CLANG_WARN_DIRECT_OBJC_ISA_USAGE = YES_ERROR;
				CLANG_WARN_DOCUMENTATION_COMMENTS = YES;
				CLANG_WARN_EMPTY_BODY = YES;
				CLANG_WARN_ENUM_CONVERSION = YES;
				CLANG_WARN_INFINITE_RECURSION = YES;
				CLANG_WARN_INT_CONVERSION = YES;
				CLANG_WARN_NON_LITERAL_NULL_CONVERSION = YES;
				CLANG_WARN_OBJC_IMPLICIT_RETAIN_SELF = YES;
				CLANG_WARN_OBJC_LITERAL_CONVERSION = YES;
				CLANG_WARN_OBJC_ROOT_CLASS = YES_ERROR;
				CLANG_WARN_RANGE_LOOP_ANALYSIS = YES;
				CLANG_WARN_STRICT_PROTOTYPES = YES;
				CLANG_WARN_SUSPICIOUS_MOVE = YES;
				CLANG_WARN_UNGUARDED_AVAILABILITY = YES_AGGRESSIVE;
				CLANG_WARN_UNREACHABLE_CODE = YES;
				CLANG_WARN__DUPLICATE_METHOD_MATCH = YES;
				CODE_SIGN_IDENTITY = "iPhone Developer";
				COPY_PHASE_STRIP = NO;
				DEBUG_INFORMATION_FORMAT = dwarf;
				ENABLE_STRICT_OBJC_MSGSEND = YES;
				ENABLE_TESTABILITY = YES;
				GCC_C_LANGUAGE_STANDARD = gnu11;
				GCC_DYNAMIC_NO_PIC = NO;
				GCC_NO_COMMON_BLOCKS = YES;
				GCC_OPTIMIZATION_LEVEL = 0;
				GCC_PREPROCESSOR_DEFINITIONS = (
					"DEBUG=1",
					"$(inherited)",
				);
				GCC_WARN_64_TO_32_BIT_CONVERSION = YES;
				GCC_WARN_ABOUT_RETURN_TYPE = YES_ERROR;
				GCC_WARN_UNDECLARED_SELECTOR = YES;
				GCC_WARN_UNINITIALIZED_AUTOS = YES_AGGRESSIVE;
				GCC_WARN_UNUSED_FUNCTION = YES;
				GCC_WARN_UNUSED_VARIABLE = YES;
				IPHONEOS_DEPLOYMENT_TARGET = 11.4;
				MTL_ENABLE_DEBUG_INFO = YES;
				ONLY_ACTIVE_ARCH = YES;
				SDKROOT = iphoneos;
				SWIFT_ACTIVE_COMPILATION_CONDITIONS = DEBUG;
				SWIFT_OPTIMIZATION_LEVEL = "-Onone";
			};
			name = Debug;
		};
		465EED9C2149665800E7FF73 /* Release */ = {
			isa = XCBuildConfiguration;
			buildSettings = {
				ALWAYS_SEARCH_USER_PATHS = NO;
				CLANG_ANALYZER_NONNULL = YES;
				CLANG_ANALYZER_NUMBER_OBJECT_CONVERSION = YES_AGGRESSIVE;
				CLANG_CXX_LANGUAGE_STANDARD = "gnu++14";
				CLANG_CXX_LIBRARY = "libc++";
				CLANG_ENABLE_MODULES = YES;
				CLANG_ENABLE_OBJC_ARC = YES;
				CLANG_ENABLE_OBJC_WEAK = YES;
				CLANG_WARN_BLOCK_CAPTURE_AUTORELEASING = YES;
				CLANG_WARN_BOOL_CONVERSION = YES;
				CLANG_WARN_COMMA = YES;
				CLANG_WARN_CONSTANT_CONVERSION = YES;
				CLANG_WARN_DEPRECATED_OBJC_IMPLEMENTATIONS = YES;
				CLANG_WARN_DIRECT_OBJC_ISA_USAGE = YES_ERROR;
				CLANG_WARN_DOCUMENTATION_COMMENTS = YES;
				CLANG_WARN_EMPTY_BODY = YES;
				CLANG_WARN_ENUM_CONVERSION = YES;
				CLANG_WARN_INFINITE_RECURSION = YES;
				CLANG_WARN_INT_CONVERSION = YES;
				CLANG_WARN_NON_LITERAL_NULL_CONVERSION = YES;
				CLANG_WARN_OBJC_IMPLICIT_RETAIN_SELF = YES;
				CLANG_WARN_OBJC_LITERAL_CONVERSION = YES;
				CLANG_WARN_OBJC_ROOT_CLASS = YES_ERROR;
				CLANG_WARN_RANGE_LOOP_ANALYSIS = YES;
				CLANG_WARN_STRICT_PROTOTYPES = YES;
				CLANG_WARN_SUSPICIOUS_MOVE = YES;
				CLANG_WARN_UNGUARDED_AVAILABILITY = YES_AGGRESSIVE;
				CLANG_WARN_UNREACHABLE_CODE = YES;
				CLANG_WARN__DUPLICATE_METHOD_MATCH = YES;
				CODE_SIGN_IDENTITY = "iPhone Developer";
				COPY_PHASE_STRIP = NO;
				DEBUG_INFORMATION_FORMAT = "dwarf-with-dsym";
				ENABLE_NS_ASSERTIONS = NO;
				ENABLE_STRICT_OBJC_MSGSEND = YES;
				GCC_C_LANGUAGE_STANDARD = gnu11;
				GCC_NO_COMMON_BLOCKS = YES;
				GCC_WARN_64_TO_32_BIT_CONVERSION = YES;
				GCC_WARN_ABOUT_RETURN_TYPE = YES_ERROR;
				GCC_WARN_UNDECLARED_SELECTOR = YES;
				GCC_WARN_UNINITIALIZED_AUTOS = YES_AGGRESSIVE;
				GCC_WARN_UNUSED_FUNCTION = YES;
				GCC_WARN_UNUSED_VARIABLE = YES;
				IPHONEOS_DEPLOYMENT_TARGET = 11.4;
				MTL_ENABLE_DEBUG_INFO = NO;
				SDKROOT = iphoneos;
				SWIFT_COMPILATION_MODE = wholemodule;
				SWIFT_OPTIMIZATION_LEVEL = "-O";
				VALIDATE_PRODUCT = YES;
			};
			name = Release;
		};
		465EED9E2149665800E7FF73 /* Debug */ = {
			isa = XCBuildConfiguration;
			buildSettings = {
				ASSETCATALOG_COMPILER_APPICON_NAME = AppIcon;
				CODE_SIGN_STYLE = Automatic;
				INFOPLIST_FILE = DeviceManager/Info.plist;
				LD_RUNPATH_SEARCH_PATHS = (
					"$(inherited)",
					"@executable_path/Frameworks",
				);
				PRODUCT_BUNDLE_IDENTIFIER = com.LambdaSchool.DeviceManager;
				PRODUCT_NAME = "$(TARGET_NAME)";
				SWIFT_VERSION = 4.0;
				TARGETED_DEVICE_FAMILY = "1,2";
			};
			name = Debug;
		};
		465EED9F2149665800E7FF73 /* Release */ = {
			isa = XCBuildConfiguration;
			buildSettings = {
				ASSETCATALOG_COMPILER_APPICON_NAME = AppIcon;
				CODE_SIGN_STYLE = Automatic;
				INFOPLIST_FILE = DeviceManager/Info.plist;
				LD_RUNPATH_SEARCH_PATHS = (
					"$(inherited)",
					"@executable_path/Frameworks",
				);
				PRODUCT_BUNDLE_IDENTIFIER = com.LambdaSchool.DeviceManager;
				PRODUCT_NAME = "$(TARGET_NAME)";
				SWIFT_VERSION = 4.0;
				TARGETED_DEVICE_FAMILY = "1,2";
			};
			name = Release;
		};
/* End XCBuildConfiguration section */

/* Begin XCConfigurationList section */
		465EED862149665700E7FF73 /* Build configuration list for PBXProject "DeviceManager" */ = {
			isa = XCConfigurationList;
			buildConfigurations = (
				465EED9B2149665800E7FF73 /* Debug */,
				465EED9C2149665800E7FF73 /* Release */,
			);
			defaultConfigurationIsVisible = 0;
			defaultConfigurationName = Release;
		};
		465EED9D2149665800E7FF73 /* Build configuration list for PBXNativeTarget "DeviceManager" */ = {
			isa = XCConfigurationList;
			buildConfigurations = (
				465EED9E2149665800E7FF73 /* Debug */,
				465EED9F2149665800E7FF73 /* Release */,
			);
			defaultConfigurationIsVisible = 0;
			defaultConfigurationName = Release;
		};
/* End XCConfigurationList section */
	};
	rootObject = 465EED832149665700E7FF73 /* Project object */;
}
